
Microsoft Visual Studio Solution File, Format Version 12.00
# Visual Studio Version 16
VisualStudioVersion = 16.0.29318.209
MinimumVisualStudioVersion = 10.0.40219.1
Project("{2150E333-8FDC-42A3-9474-1A3956D46DE8}") = "Solution Items", "Solution Items", "{4C4A48A1-9E13-444C-B062-24B996F0B0DB}"
	ProjectSection(SolutionItems) = preProject
		.editorconfig = .editorconfig
		appveyor.cmd = appveyor.cmd
		appveyor.yml = appveyor.yml
		BuildLocal.cmd = BuildLocal.cmd
		global.json = global.json
		NuGet.config = NuGet.config
		README.MD = README.MD
		version.json = version.json
	EndProjectSection
EndProject
Project("{2150E333-8FDC-42A3-9474-1A3956D46DE8}") = "00. Installer", "00. Installer", "{E12ED6B0-5E17-4661-BFD6-79DB9BD4BD96}"
EndProject
Project("{2150E333-8FDC-42A3-9474-1A3956D46DE8}") = "01. Infrastructure Sub Layer", "01. Infrastructure Sub Layer", "{99FEA1FA-D006-4859-98B9-EBC3860495C0}"
EndProject
Project("{2150E333-8FDC-42A3-9474-1A3956D46DE8}") = "06. Infrastructure Layer", "06. Infrastructure Layer", "{0DA1B2A2-4D7E-4BC3-8FC3-77C8CC777D1D}"
EndProject
Project("{9A19103F-16F7-4668-BE54-9A1E7A4F7556}") = "KSociety.Com.Infra.DataAccess", "Src\01\06\KSociety.Com.Infra.DataAccess\KSociety.Com.Infra.DataAccess.csproj", "{E1DCBB7A-7428-4725-A936-B85F3A62CA0F}"
EndProject
Project("{2150E333-8FDC-42A3-9474-1A3956D46DE8}") = "05. Domain Layer", "05. Domain Layer", "{F977E7B7-29CF-4574-936C-B2E4B40D6179}"
EndProject
Project("{9A19103F-16F7-4668-BE54-9A1E7A4F7556}") = "KSociety.Com.Domain.Entity", "Src\01\05\KSociety.Com.Domain.Entity\KSociety.Com.Domain.Entity.csproj", "{955A7B30-7211-4510-A215-3F08FC7450CC}"
EndProject
Project("{9A19103F-16F7-4668-BE54-9A1E7A4F7556}") = "KSociety.Com.Domain.Repository", "Src\01\05\KSociety.Com.Domain.Repository\KSociety.Com.Domain.Repository.csproj", "{06520947-A645-4D94-BDD8-2C5E0436D1FF}"
EndProject
Project("{2150E333-8FDC-42A3-9474-1A3956D46DE8}") = "Communication Driver", "Communication Driver", "{3B84B4D0-56EB-4C61-ABCC-4398D7B14B1E}"
EndProject
Project("{9A19103F-16F7-4668-BE54-9A1E7A4F7556}") = "KSociety.Com.Driver", "Src\01\Communication\KSociety.Com.Driver\KSociety.Com.Driver.csproj", "{B9CE6046-B959-4CC7-8CE5-4EECDA248CE9}"
EndProject
Project("{2150E333-8FDC-42A3-9474-1A3956D46DE8}") = "04. Business Layer", "04. Business Layer", "{98E46AD8-CB90-4EE3-88E2-1B95AF75256D}"
EndProject
Project("{9A19103F-16F7-4668-BE54-9A1E7A4F7556}") = "KSociety.Com.Biz", "Src\01\04\KSociety.Com.Biz\KSociety.Com.Biz.csproj", "{A8478891-5778-48A5-981A-71EE58B67823}"
EndProject
Project("{2150E333-8FDC-42A3-9474-1A3956D46DE8}") = "03. Application Layer", "03. Application Layer", "{2D4FBDDB-5C00-47CE-93C3-1240A24DA339}"
EndProject
Project("{9A19103F-16F7-4668-BE54-9A1E7A4F7556}") = "KSociety.Com.App.Dto", "Src\01\03\KSociety.Com.App.Dto\KSociety.Com.App.Dto.csproj", "{1A8C89F5-57C1-4154-8D64-592BD7AD5BD8}"
EndProject
Project("{9A19103F-16F7-4668-BE54-9A1E7A4F7556}") = "KSociety.Com.App.ReqHdlr", "Src\01\03\KSociety.Com.App.ReqHdlr\KSociety.Com.App.ReqHdlr.csproj", "{6CC45BF4-7E55-4E2D-A167-316E4E8F20BC}"
EndProject
Project("{2150E333-8FDC-42A3-9474-1A3956D46DE8}") = "02. Service Layer", "02. Service Layer", "{A29F7675-0AC3-4A6C-A416-0B5BB62E00AD}"
EndProject
Project("{2150E333-8FDC-42A3-9474-1A3956D46DE8}") = "Host", "Host", "{CF5A0C4D-3C03-4199-A325-F0C6D7160AE9}"
EndProject
Project("{9A19103F-16F7-4668-BE54-9A1E7A4F7556}") = "KSociety.Com.Srv.Dto", "Src\01\02\KSociety.Com.Srv.Dto\KSociety.Com.Srv.Dto.csproj", "{3B58389B-3FF5-43D9-B6EB-A06E081C2843}"
EndProject
Project("{2150E333-8FDC-42A3-9474-1A3956D46DE8}") = "01. Presentation Layer", "01. Presentation Layer", "{06F36FEE-5BCC-4B74-8003-C2025074E64A}"
EndProject
Project("{9A19103F-16F7-4668-BE54-9A1E7A4F7556}") = "KSociety.Com.Srv.Agent", "Src\01\02\KSociety.Com.Srv.Agent\KSociety.Com.Srv.Agent.csproj", "{B24026A3-2098-41B9-AEDE-A2EE6628EE4A}"
EndProject
Project("{9A19103F-16F7-4668-BE54-9A1E7A4F7556}") = "KSociety.Com.Srv.Behavior", "Src\01\02\KSociety.Com.Srv.Behavior\KSociety.Com.Srv.Behavior.csproj", "{45888CB3-BF33-46E1-84D9-ADA8877DF010}"
EndProject
Project("{9A19103F-16F7-4668-BE54-9A1E7A4F7556}") = "KSociety.Com.Srv.Contract", "Src\01\02\KSociety.Com.Srv.Contract\KSociety.Com.Srv.Contract.csproj", "{38B26B62-A134-4FC0-88E8-12C541DAB47A}"
EndProject
Project("{9A19103F-16F7-4668-BE54-9A1E7A4F7556}") = "KSociety.Com.Srv.Host", "Src\01\02\Host\KSociety.Com.Srv.Host\KSociety.Com.Srv.Host.csproj", "{C465F90E-0C21-41AB-9E0D-3EE345A5EB02}"
EndProject
Project("{FAE04EC0-301F-11D3-BF4B-00C04F79EFBC}") = "KSociety.Com.Install", "Src\00\KSociety.Com.Install\KSociety.Com.Install.csproj", "{9212B4A3-BF27-4F41-8090-3AACEAEE95E2}"
EndProject
Project("{2150E333-8FDC-42A3-9474-1A3956D46DE8}") = "Web", "Web", "{9A5CFC39-E8FA-4EB3-80CA-117F4E159742}"
EndProject
Project("{9A19103F-16F7-4668-BE54-9A1E7A4F7556}") = "KSociety.Com.Pre.Web.App", "Src\01\01\Web\KSociety.Com.Pre.Web.App\KSociety.Com.Pre.Web.App.csproj", "{B17D555F-0645-4131-BDCE-9C007EA3005A}"
EndProject
Project("{2150E333-8FDC-42A3-9474-1A3956D46DE8}") = "Test", "Test", "{5C3EEA3E-37FD-403C-AC39-8FFC9DA27F8F}"
EndProject
Project("{9A19103F-16F7-4668-BE54-9A1E7A4F7556}") = "KSociety.Com.Srv.Test", "Src\01\02\Test\KSociety.Com.Srv.Test\KSociety.Com.Srv.Test.csproj", "{CC6B63F1-4B76-465D-93E5-83DC3E5F5A21}"
EndProject
Project("{2150E333-8FDC-42A3-9474-1A3956D46DE8}") = "KSocietyComEventBus", "KSocietyComEventBus", "{676CF395-7EF9-413E-9D7E-FA4594530E36}"
EndProject
Project("{9A19103F-16F7-4668-BE54-9A1E7A4F7556}") = "KSociety.Com.EventBus", "Src\01\KSocietyComEventBus\KSociety.Com.EventBus\KSociety.Com.EventBus.csproj", "{66E39840-8F0F-4581-977A-EEF6B5395F35}"
EndProject
Project("{9A19103F-16F7-4668-BE54-9A1E7A4F7556}") = "KSociety.Com.Srv.Host.Shared", "Src\01\02\Host\KSociety.Com.Srv.Host.Shared\KSociety.Com.Srv.Host.Shared.csproj", "{0109D4D7-9CDC-4D92-91D2-7EDBF63875FD}"
EndProject
Project("{2150E333-8FDC-42A3-9474-1A3956D46DE8}") = "Test", "Test", "{925C3A53-BB95-4267-962A-459472C6799E}"
EndProject
Project("{9A19103F-16F7-4668-BE54-9A1E7A4F7556}") = "KSociety.Com.Srv.Host.Test", "Src\01\02\Host\Test\KSociety.Com.Srv.Host.Test\KSociety.Com.Srv.Host.Test.csproj", "{DE514DC3-7B72-47E7-B207-60F66ADF3A2F}"
EndProject
Project("{9A19103F-16F7-4668-BE54-9A1E7A4F7556}") = "KSociety.Com.Infra.Migration.SqlServer", "Src\01\06\KSociety.Com.Infra.Migration.SqlServer\KSociety.Com.Infra.Migration.SqlServer.csproj", "{86BDE9A6-499D-4F6D-8CB3-22C15188847D}"
EndProject
Project("{9A19103F-16F7-4668-BE54-9A1E7A4F7556}") = "KSociety.Com.Infra.Migration.Sqlite", "Src\01\06\KSociety.Com.Infra.Migration.Sqlite\KSociety.Com.Infra.Migration.Sqlite.csproj", "{5F364D03-548C-45EB-A0A4-F8985BC47EB0}"
EndProject
Project("{9A19103F-16F7-4668-BE54-9A1E7A4F7556}") = "KSociety.Com.Biz.Event", "Src\01\04\KSociety.Com.Biz.Event\KSociety.Com.Biz.Event.csproj", "{80FA4CBF-E402-43CB-A90C-0FA3D53EA452}"
EndProject
Project("{9A19103F-16F7-4668-BE54-9A1E7A4F7556}") = "KSociety.Com.Pre.App", "Src\01\01\KSociety.Com.Pre.App\KSociety.Com.Pre.App.csproj", "{59D5FBC3-AC3A-4026-BE91-8A18C7355D6B}"
EndProject
Global
	GlobalSection(SolutionConfigurationPlatforms) = preSolution
		Debug|Any CPU = Debug|Any CPU
		Release|Any CPU = Release|Any CPU
	EndGlobalSection
	GlobalSection(ProjectConfigurationPlatforms) = postSolution
		{E1DCBB7A-7428-4725-A936-B85F3A62CA0F}.Debug|Any CPU.ActiveCfg = Debug|Any CPU
		{E1DCBB7A-7428-4725-A936-B85F3A62CA0F}.Debug|Any CPU.Build.0 = Debug|Any CPU
		{E1DCBB7A-7428-4725-A936-B85F3A62CA0F}.Release|Any CPU.ActiveCfg = Release|Any CPU
		{E1DCBB7A-7428-4725-A936-B85F3A62CA0F}.Release|Any CPU.Build.0 = Release|Any CPU
		{955A7B30-7211-4510-A215-3F08FC7450CC}.Debug|Any CPU.ActiveCfg = Debug|Any CPU
		{955A7B30-7211-4510-A215-3F08FC7450CC}.Debug|Any CPU.Build.0 = Debug|Any CPU
		{955A7B30-7211-4510-A215-3F08FC7450CC}.Release|Any CPU.ActiveCfg = Release|Any CPU
		{955A7B30-7211-4510-A215-3F08FC7450CC}.Release|Any CPU.Build.0 = Release|Any CPU
		{06520947-A645-4D94-BDD8-2C5E0436D1FF}.Debug|Any CPU.ActiveCfg = Debug|Any CPU
		{06520947-A645-4D94-BDD8-2C5E0436D1FF}.Debug|Any CPU.Build.0 = Debug|Any CPU
		{06520947-A645-4D94-BDD8-2C5E0436D1FF}.Release|Any CPU.ActiveCfg = Release|Any CPU
		{06520947-A645-4D94-BDD8-2C5E0436D1FF}.Release|Any CPU.Build.0 = Release|Any CPU
		{B9CE6046-B959-4CC7-8CE5-4EECDA248CE9}.Debug|Any CPU.ActiveCfg = Debug|Any CPU
		{B9CE6046-B959-4CC7-8CE5-4EECDA248CE9}.Debug|Any CPU.Build.0 = Debug|Any CPU
		{B9CE6046-B959-4CC7-8CE5-4EECDA248CE9}.Release|Any CPU.ActiveCfg = Release|Any CPU
		{B9CE6046-B959-4CC7-8CE5-4EECDA248CE9}.Release|Any CPU.Build.0 = Release|Any CPU
		{A8478891-5778-48A5-981A-71EE58B67823}.Debug|Any CPU.ActiveCfg = Debug|Any CPU
		{A8478891-5778-48A5-981A-71EE58B67823}.Debug|Any CPU.Build.0 = Debug|Any CPU
		{A8478891-5778-48A5-981A-71EE58B67823}.Release|Any CPU.ActiveCfg = Release|Any CPU
		{A8478891-5778-48A5-981A-71EE58B67823}.Release|Any CPU.Build.0 = Release|Any CPU
		{1A8C89F5-57C1-4154-8D64-592BD7AD5BD8}.Debug|Any CPU.ActiveCfg = Debug|Any CPU
		{1A8C89F5-57C1-4154-8D64-592BD7AD5BD8}.Debug|Any CPU.Build.0 = Debug|Any CPU
		{1A8C89F5-57C1-4154-8D64-592BD7AD5BD8}.Release|Any CPU.ActiveCfg = Release|Any CPU
		{1A8C89F5-57C1-4154-8D64-592BD7AD5BD8}.Release|Any CPU.Build.0 = Release|Any CPU
		{6CC45BF4-7E55-4E2D-A167-316E4E8F20BC}.Debug|Any CPU.ActiveCfg = Debug|Any CPU
		{6CC45BF4-7E55-4E2D-A167-316E4E8F20BC}.Debug|Any CPU.Build.0 = Debug|Any CPU
		{6CC45BF4-7E55-4E2D-A167-316E4E8F20BC}.Release|Any CPU.ActiveCfg = Release|Any CPU
		{6CC45BF4-7E55-4E2D-A167-316E4E8F20BC}.Release|Any CPU.Build.0 = Release|Any CPU
		{3B58389B-3FF5-43D9-B6EB-A06E081C2843}.Debug|Any CPU.ActiveCfg = Debug|Any CPU
		{3B58389B-3FF5-43D9-B6EB-A06E081C2843}.Debug|Any CPU.Build.0 = Debug|Any CPU
		{3B58389B-3FF5-43D9-B6EB-A06E081C2843}.Release|Any CPU.ActiveCfg = Release|Any CPU
		{3B58389B-3FF5-43D9-B6EB-A06E081C2843}.Release|Any CPU.Build.0 = Release|Any CPU
		{B24026A3-2098-41B9-AEDE-A2EE6628EE4A}.Debug|Any CPU.ActiveCfg = Debug|Any CPU
		{B24026A3-2098-41B9-AEDE-A2EE6628EE4A}.Debug|Any CPU.Build.0 = Debug|Any CPU
		{B24026A3-2098-41B9-AEDE-A2EE6628EE4A}.Release|Any CPU.ActiveCfg = Release|Any CPU
		{B24026A3-2098-41B9-AEDE-A2EE6628EE4A}.Release|Any CPU.Build.0 = Release|Any CPU
		{45888CB3-BF33-46E1-84D9-ADA8877DF010}.Debug|Any CPU.ActiveCfg = Debug|Any CPU
		{45888CB3-BF33-46E1-84D9-ADA8877DF010}.Debug|Any CPU.Build.0 = Debug|Any CPU
		{45888CB3-BF33-46E1-84D9-ADA8877DF010}.Release|Any CPU.ActiveCfg = Release|Any CPU
		{45888CB3-BF33-46E1-84D9-ADA8877DF010}.Release|Any CPU.Build.0 = Release|Any CPU
		{38B26B62-A134-4FC0-88E8-12C541DAB47A}.Debug|Any CPU.ActiveCfg = Debug|Any CPU
		{38B26B62-A134-4FC0-88E8-12C541DAB47A}.Debug|Any CPU.Build.0 = Debug|Any CPU
		{38B26B62-A134-4FC0-88E8-12C541DAB47A}.Release|Any CPU.ActiveCfg = Release|Any CPU
		{38B26B62-A134-4FC0-88E8-12C541DAB47A}.Release|Any CPU.Build.0 = Release|Any CPU
		{C465F90E-0C21-41AB-9E0D-3EE345A5EB02}.Debug|Any CPU.ActiveCfg = Debug|Any CPU
		{C465F90E-0C21-41AB-9E0D-3EE345A5EB02}.Debug|Any CPU.Build.0 = Debug|Any CPU
		{C465F90E-0C21-41AB-9E0D-3EE345A5EB02}.Release|Any CPU.ActiveCfg = Release|Any CPU
		{C465F90E-0C21-41AB-9E0D-3EE345A5EB02}.Release|Any CPU.Build.0 = Release|Any CPU
		{9212B4A3-BF27-4F41-8090-3AACEAEE95E2}.Debug|Any CPU.ActiveCfg = Debug|Any CPU
		{9212B4A3-BF27-4F41-8090-3AACEAEE95E2}.Release|Any CPU.ActiveCfg = Release|Any CPU
		{B17D555F-0645-4131-BDCE-9C007EA3005A}.Debug|Any CPU.ActiveCfg = Debug|Any CPU
		{B17D555F-0645-4131-BDCE-9C007EA3005A}.Debug|Any CPU.Build.0 = Debug|Any CPU
		{B17D555F-0645-4131-BDCE-9C007EA3005A}.Release|Any CPU.ActiveCfg = Release|Any CPU
		{B17D555F-0645-4131-BDCE-9C007EA3005A}.Release|Any CPU.Build.0 = Release|Any CPU
		{CC6B63F1-4B76-465D-93E5-83DC3E5F5A21}.Debug|Any CPU.ActiveCfg = Debug|Any CPU
		{CC6B63F1-4B76-465D-93E5-83DC3E5F5A21}.Debug|Any CPU.Build.0 = Debug|Any CPU
		{CC6B63F1-4B76-465D-93E5-83DC3E5F5A21}.Release|Any CPU.ActiveCfg = Release|Any CPU
		{CC6B63F1-4B76-465D-93E5-83DC3E5F5A21}.Release|Any CPU.Build.0 = Release|Any CPU
		{66E39840-8F0F-4581-977A-EEF6B5395F35}.Debug|Any CPU.ActiveCfg = Debug|Any CPU
		{66E39840-8F0F-4581-977A-EEF6B5395F35}.Debug|Any CPU.Build.0 = Debug|Any CPU
		{66E39840-8F0F-4581-977A-EEF6B5395F35}.Release|Any CPU.ActiveCfg = Release|Any CPU
		{66E39840-8F0F-4581-977A-EEF6B5395F35}.Release|Any CPU.Build.0 = Release|Any CPU
		{0109D4D7-9CDC-4D92-91D2-7EDBF63875FD}.Debug|Any CPU.ActiveCfg = Debug|Any CPU
		{0109D4D7-9CDC-4D92-91D2-7EDBF63875FD}.Debug|Any CPU.Build.0 = Debug|Any CPU
		{0109D4D7-9CDC-4D92-91D2-7EDBF63875FD}.Release|Any CPU.ActiveCfg = Release|Any CPU
		{0109D4D7-9CDC-4D92-91D2-7EDBF63875FD}.Release|Any CPU.Build.0 = Release|Any CPU
		{DE514DC3-7B72-47E7-B207-60F66ADF3A2F}.Debug|Any CPU.ActiveCfg = Debug|Any CPU
		{DE514DC3-7B72-47E7-B207-60F66ADF3A2F}.Release|Any CPU.ActiveCfg = Release|Any CPU
		{86BDE9A6-499D-4F6D-8CB3-22C15188847D}.Debug|Any CPU.ActiveCfg = Debug|Any CPU
		{86BDE9A6-499D-4F6D-8CB3-22C15188847D}.Debug|Any CPU.Build.0 = Debug|Any CPU
		{86BDE9A6-499D-4F6D-8CB3-22C15188847D}.Release|Any CPU.ActiveCfg = Release|Any CPU
		{86BDE9A6-499D-4F6D-8CB3-22C15188847D}.Release|Any CPU.Build.0 = Release|Any CPU
		{5F364D03-548C-45EB-A0A4-F8985BC47EB0}.Debug|Any CPU.ActiveCfg = Debug|Any CPU
		{5F364D03-548C-45EB-A0A4-F8985BC47EB0}.Debug|Any CPU.Build.0 = Debug|Any CPU
		{5F364D03-548C-45EB-A0A4-F8985BC47EB0}.Release|Any CPU.ActiveCfg = Release|Any CPU
		{5F364D03-548C-45EB-A0A4-F8985BC47EB0}.Release|Any CPU.Build.0 = Release|Any CPU
		{80FA4CBF-E402-43CB-A90C-0FA3D53EA452}.Debug|Any CPU.ActiveCfg = Debug|Any CPU
		{80FA4CBF-E402-43CB-A90C-0FA3D53EA452}.Debug|Any CPU.Build.0 = Debug|Any CPU
		{80FA4CBF-E402-43CB-A90C-0FA3D53EA452}.Release|Any CPU.ActiveCfg = Release|Any CPU
		{80FA4CBF-E402-43CB-A90C-0FA3D53EA452}.Release|Any CPU.Build.0 = Release|Any CPU
		{59D5FBC3-AC3A-4026-BE91-8A18C7355D6B}.Debug|Any CPU.ActiveCfg = Debug|Any CPU
		{59D5FBC3-AC3A-4026-BE91-8A18C7355D6B}.Debug|Any CPU.Build.0 = Debug|Any CPU
		{59D5FBC3-AC3A-4026-BE91-8A18C7355D6B}.Release|Any CPU.ActiveCfg = Release|Any CPU
		{59D5FBC3-AC3A-4026-BE91-8A18C7355D6B}.Release|Any CPU.Build.0 = Release|Any CPU
	EndGlobalSection
	GlobalSection(SolutionProperties) = preSolution
		HideSolutionNode = FALSE
	EndGlobalSection
	GlobalSection(NestedProjects) = preSolution
		{0DA1B2A2-4D7E-4BC3-8FC3-77C8CC777D1D} = {99FEA1FA-D006-4859-98B9-EBC3860495C0}
		{E1DCBB7A-7428-4725-A936-B85F3A62CA0F} = {0DA1B2A2-4D7E-4BC3-8FC3-77C8CC777D1D}
		{F977E7B7-29CF-4574-936C-B2E4B40D6179} = {99FEA1FA-D006-4859-98B9-EBC3860495C0}
		{955A7B30-7211-4510-A215-3F08FC7450CC} = {F977E7B7-29CF-4574-936C-B2E4B40D6179}
		{06520947-A645-4D94-BDD8-2C5E0436D1FF} = {F977E7B7-29CF-4574-936C-B2E4B40D6179}
		{3B84B4D0-56EB-4C61-ABCC-4398D7B14B1E} = {99FEA1FA-D006-4859-98B9-EBC3860495C0}
		{B9CE6046-B959-4CC7-8CE5-4EECDA248CE9} = {3B84B4D0-56EB-4C61-ABCC-4398D7B14B1E}
		{98E46AD8-CB90-4EE3-88E2-1B95AF75256D} = {99FEA1FA-D006-4859-98B9-EBC3860495C0}
		{A8478891-5778-48A5-981A-71EE58B67823} = {98E46AD8-CB90-4EE3-88E2-1B95AF75256D}
		{2D4FBDDB-5C00-47CE-93C3-1240A24DA339} = {99FEA1FA-D006-4859-98B9-EBC3860495C0}
		{1A8C89F5-57C1-4154-8D64-592BD7AD5BD8} = {2D4FBDDB-5C00-47CE-93C3-1240A24DA339}
		{6CC45BF4-7E55-4E2D-A167-316E4E8F20BC} = {2D4FBDDB-5C00-47CE-93C3-1240A24DA339}
		{A29F7675-0AC3-4A6C-A416-0B5BB62E00AD} = {99FEA1FA-D006-4859-98B9-EBC3860495C0}
		{CF5A0C4D-3C03-4199-A325-F0C6D7160AE9} = {A29F7675-0AC3-4A6C-A416-0B5BB62E00AD}
		{3B58389B-3FF5-43D9-B6EB-A06E081C2843} = {A29F7675-0AC3-4A6C-A416-0B5BB62E00AD}
		{06F36FEE-5BCC-4B74-8003-C2025074E64A} = {99FEA1FA-D006-4859-98B9-EBC3860495C0}
		{B24026A3-2098-41B9-AEDE-A2EE6628EE4A} = {A29F7675-0AC3-4A6C-A416-0B5BB62E00AD}
		{45888CB3-BF33-46E1-84D9-ADA8877DF010} = {A29F7675-0AC3-4A6C-A416-0B5BB62E00AD}
		{38B26B62-A134-4FC0-88E8-12C541DAB47A} = {A29F7675-0AC3-4A6C-A416-0B5BB62E00AD}
		{C465F90E-0C21-41AB-9E0D-3EE345A5EB02} = {CF5A0C4D-3C03-4199-A325-F0C6D7160AE9}
		{9212B4A3-BF27-4F41-8090-3AACEAEE95E2} = {E12ED6B0-5E17-4661-BFD6-79DB9BD4BD96}
		{9A5CFC39-E8FA-4EB3-80CA-117F4E159742} = {06F36FEE-5BCC-4B74-8003-C2025074E64A}
		{B17D555F-0645-4131-BDCE-9C007EA3005A} = {9A5CFC39-E8FA-4EB3-80CA-117F4E159742}
		{5C3EEA3E-37FD-403C-AC39-8FFC9DA27F8F} = {A29F7675-0AC3-4A6C-A416-0B5BB62E00AD}
		{CC6B63F1-4B76-465D-93E5-83DC3E5F5A21} = {5C3EEA3E-37FD-403C-AC39-8FFC9DA27F8F}
		{676CF395-7EF9-413E-9D7E-FA4594530E36} = {99FEA1FA-D006-4859-98B9-EBC3860495C0}
		{66E39840-8F0F-4581-977A-EEF6B5395F35} = {676CF395-7EF9-413E-9D7E-FA4594530E36}
		{0109D4D7-9CDC-4D92-91D2-7EDBF63875FD} = {CF5A0C4D-3C03-4199-A325-F0C6D7160AE9}
		{925C3A53-BB95-4267-962A-459472C6799E} = {CF5A0C4D-3C03-4199-A325-F0C6D7160AE9}
		{DE514DC3-7B72-47E7-B207-60F66ADF3A2F} = {925C3A53-BB95-4267-962A-459472C6799E}
		{86BDE9A6-499D-4F6D-8CB3-22C15188847D} = {0DA1B2A2-4D7E-4BC3-8FC3-77C8CC777D1D}
		{5F364D03-548C-45EB-A0A4-F8985BC47EB0} = {0DA1B2A2-4D7E-4BC3-8FC3-77C8CC777D1D}
		{80FA4CBF-E402-43CB-A90C-0FA3D53EA452} = {98E46AD8-CB90-4EE3-88E2-1B95AF75256D}
		{59D5FBC3-AC3A-4026-BE91-8A18C7355D6B} = {06F36FEE-5BCC-4B74-8003-C2025074E64A}
	EndGlobalSection
	GlobalSection(ExtensibilityGlobals) = postSolution
		SolutionGuid = {8C49C126-410B-47CC-86F9-7097B8A56E18}
	EndGlobalSection
EndGlobal
